
Microsoft Visual Studio Solution File, Format Version 12.00
# Visual Studio 15
VisualStudioVersion = 15.0.27703.2018
MinimumVisualStudioVersion = 10.0.40219.1
Project("{FAE04EC0-301F-11D3-BF4B-00C04F79EFBC}") = "Depressurizer", "Depressurizer\Depressurizer.csproj", "{9E36EFA4-82E9-44B8-ABCE-BD73B8A6CD21}"
EndProject
Project("{FAE04EC0-301F-11D3-BF4B-00C04F79EFBC}") = "Depressurizer.Tests", "Depressurizer.Tests\Depressurizer.Tests.csproj", "{9EE8744D-A191-4082-9C87-F13734D33A58}"
EndProject
Project("{FAE04EC0-301F-11D3-BF4B-00C04F79EFBC}") = "Depressurizer.Core", "Depressurizer.Core\Depressurizer.Core.csproj", "{718A6D78-7823-4DF0-8F3C-0D0CF9B4E2E3}"
EndProject
Global
	GlobalSection(SolutionConfigurationPlatforms) = preSolution
		Debug|Any CPU = Debug|Any CPU
		Release|Any CPU = Release|Any CPU
	EndGlobalSection
	GlobalSection(ProjectConfigurationPlatforms) = postSolution
		{9E36EFA4-82E9-44B8-ABCE-BD73B8A6CD21}.Debug|Any CPU.ActiveCfg = Debug|Any CPU
		{9E36EFA4-82E9-44B8-ABCE-BD73B8A6CD21}.Debug|Any CPU.Build.0 = Debug|Any CPU
		{9E36EFA4-82E9-44B8-ABCE-BD73B8A6CD21}.Release|Any CPU.ActiveCfg = Release|Any CPU
		{9E36EFA4-82E9-44B8-ABCE-BD73B8A6CD21}.Release|Any CPU.Build.0 = Release|Any CPU
		{9EE8744D-A191-4082-9C87-F13734D33A58}.Debug|Any CPU.ActiveCfg = Debug|Any CPU
		{9EE8744D-A191-4082-9C87-F13734D33A58}.Debug|Any CPU.Build.0 = Debug|Any CPU
		{9EE8744D-A191-4082-9C87-F13734D33A58}.Release|Any CPU.ActiveCfg = Release|Any CPU
		{9EE8744D-A191-4082-9C87-F13734D33A58}.Release|Any CPU.Build.0 = Release|Any CPU
		{718A6D78-7823-4DF0-8F3C-0D0CF9B4E2E3}.Debug|Any CPU.ActiveCfg = Debug|Any CPU
		{718A6D78-7823-4DF0-8F3C-0D0CF9B4E2E3}.Debug|Any CPU.Build.0 = Debug|Any CPU
		{718A6D78-7823-4DF0-8F3C-0D0CF9B4E2E3}.Release|Any CPU.ActiveCfg = Release|Any CPU
		{718A6D78-7823-4DF0-8F3C-0D0CF9B4E2E3}.Release|Any CPU.Build.0 = Release|Any CPU
	EndGlobalSection
	GlobalSection(SolutionProperties) = preSolution
		HideSolutionNode = FALSE
	EndGlobalSection
	GlobalSection(ExtensibilityGlobals) = postSolution
		SolutionGuid = {B003BBF7-FFF6-4280-BB01-4A6B8BFA39A6}
	EndGlobalSection
EndGlobal
